// !$*UTF8*$!
{
	archiveVersion = 1;
	classes = {
	};
	objectVersion = 56;
	objects = {

/* Begin PBXBuildFile section */
		D56DD0D12C9EC44D0092C7D8 /* aerolinkApp.swift in Sources */ = {isa = PBXBuildFile; fileRef = D56DD0D02C9EC44D0092C7D8 /* aerolinkApp.swift */; };
		D56DD0D82C9EC44D0092C7D8 /* ContentView.swift in Sources */ = {isa = PBXBuildFile; fileRef = D56DD0D72C9EC44D0092C7D8 /* ContentView.swift */; };
		D56DD0DA2C9EC44F0092C7D8 /* Assets.xcassets in Resources */ = {isa = PBXBuildFile; fileRef = D56DD0D92C9EC44F0092C7D8 /* Assets.xcassets */; };
		D56DD0DE2C9EC44F0092C7D8 /* Preview Assets.xcassets in Resources */ = {isa = PBXBuildFile; fileRef = D56DD0DD2C9EC44F0092C7D8 /* Preview Assets.xcassets */; };
		D56DD0E52C9ECD5A0092C7D8 /* ESIMItem.swift in Sources */ = {isa = PBXBuildFile; fileRef = D56DD0E42C9ECD5A0092C7D8 /* ESIMItem.swift */; };
		D56DD0EB2C9ECFBE0092C7D8 /* ESIMViewModel.swift in Sources */ = {isa = PBXBuildFile; fileRef = D56DD0EA2C9ECFBE0092C7D8 /* ESIMViewModel.swift */; };
		D56DD0EE2C9ECFE50092C7D8 /* NetworkService.swift in Sources */ = {isa = PBXBuildFile; fileRef = D56DD0ED2C9ECFE50092C7D8 /* NetworkService.swift */; };
		D56DD0F12C9ED0010092C7D8 /* PurchaseService.swift in Sources */ = {isa = PBXBuildFile; fileRef = D56DD0F02C9ED0010092C7D8 /* PurchaseService.swift */; };
		D56DD0F42C9ED01C0092C7D8 /* Constants.swift in Sources */ = {isa = PBXBuildFile; fileRef = D56DD0F32C9ED01C0092C7D8 /* Constants.swift */; };
		D56DD0F72C9ED06E0092C7D8 /* Colors.swift in Sources */ = {isa = PBXBuildFile; fileRef = D56DD0F62C9ED06E0092C7D8 /* Colors.swift */; };
		D56DD0FA2C9ED1D80092C7D8 /* StoreView.swift in Sources */ = {isa = PBXBuildFile; fileRef = D56DD0F92C9ED1D80092C7D8 /* StoreView.swift */; };
		D56DD0FC2C9ED20C0092C7D8 /* ESIMDetailView.swift in Sources */ = {isa = PBXBuildFile; fileRef = D56DD0FB2C9ED20C0092C7D8 /* ESIMDetailView.swift */; };
		D56DD0FF2C9ED2630092C7D8 /* ProfileView.swift in Sources */ = {isa = PBXBuildFile; fileRef = D56DD0FE2C9ED2630092C7D8 /* ProfileView.swift */; };
		D56DD1022C9ED28F0092C7D8 /* PurchasedESIMsView.swift in Sources */ = {isa = PBXBuildFile; fileRef = D56DD1012C9ED28F0092C7D8 /* PurchasedESIMsView.swift */; };
		D56DD1042C9ED3FE0092C7D8 /* PurchasedViewModel.swift in Sources */ = {isa = PBXBuildFile; fileRef = D56DD1032C9ED3FE0092C7D8 /* PurchasedViewModel.swift */; };
		D56DD1062C9F02E70092C7D8 /* countries.json in Resources */ = {isa = PBXBuildFile; fileRef = D56DD1052C9F02E70092C7D8 /* countries.json */; };
		D56DD1082C9F031B0092C7D8 /* Country.swift in Sources */ = {isa = PBXBuildFile; fileRef = D56DD1072C9F031B0092C7D8 /* Country.swift */; };
		D5760D9B2CA1758F0027675D /* FontExtension.swift in Sources */ = {isa = PBXBuildFile; fileRef = D5760D9A2CA1758F0027675D /* FontExtension.swift */; };
/* End PBXBuildFile section */

/* Begin PBXFileReference section */
		D56DD0CD2C9EC44D0092C7D8 /* aerolink.app */ = {isa = PBXFileReference; explicitFileType = wrapper.application; includeInIndex = 0; path = aerolink.app; sourceTree = BUILT_PRODUCTS_DIR; };
		D56DD0D02C9EC44D0092C7D8 /* aerolinkApp.swift */ = {isa = PBXFileReference; lastKnownFileType = sourcecode.swift; path = aerolinkApp.swift; sourceTree = "<group>"; };
		D56DD0D72C9EC44D0092C7D8 /* ContentView.swift */ = {isa = PBXFileReference; lastKnownFileType = sourcecode.swift; path = ContentView.swift; sourceTree = "<group>"; };
		D56DD0D92C9EC44F0092C7D8 /* Assets.xcassets */ = {isa = PBXFileReference; lastKnownFileType = folder.assetcatalog; path = Assets.xcassets; sourceTree = "<group>"; };
		D56DD0DB2C9EC44F0092C7D8 /* aerolink.entitlements */ = {isa = PBXFileReference; lastKnownFileType = text.plist.entitlements; path = aerolink.entitlements; sourceTree = "<group>"; };
		D56DD0DD2C9EC44F0092C7D8 /* Preview Assets.xcassets */ = {isa = PBXFileReference; lastKnownFileType = folder.assetcatalog; path = "Preview Assets.xcassets"; sourceTree = "<group>"; };
		D56DD0E42C9ECD5A0092C7D8 /* ESIMItem.swift */ = {isa = PBXFileReference; lastKnownFileType = sourcecode.swift; path = ESIMItem.swift; sourceTree = "<group>"; };
		D56DD0EA2C9ECFBE0092C7D8 /* ESIMViewModel.swift */ = {isa = PBXFileReference; lastKnownFileType = sourcecode.swift; path = ESIMViewModel.swift; sourceTree = "<group>"; };
		D56DD0ED2C9ECFE50092C7D8 /* NetworkService.swift */ = {isa = PBXFileReference; lastKnownFileType = sourcecode.swift; path = NetworkService.swift; sourceTree = "<group>"; };
		D56DD0F02C9ED0010092C7D8 /* PurchaseService.swift */ = {isa = PBXFileReference; lastKnownFileType = sourcecode.swift; path = PurchaseService.swift; sourceTree = "<group>"; };
		D56DD0F32C9ED01C0092C7D8 /* Constants.swift */ = {isa = PBXFileReference; lastKnownFileType = sourcecode.swift; path = Constants.swift; sourceTree = "<group>"; };
		D56DD0F62C9ED06E0092C7D8 /* Colors.swift */ = {isa = PBXFileReference; lastKnownFileType = sourcecode.swift; path = Colors.swift; sourceTree = "<group>"; };
		D56DD0F92C9ED1D80092C7D8 /* StoreView.swift */ = {isa = PBXFileReference; lastKnownFileType = sourcecode.swift; path = StoreView.swift; sourceTree = "<group>"; };
		D56DD0FB2C9ED20C0092C7D8 /* ESIMDetailView.swift */ = {isa = PBXFileReference; lastKnownFileType = sourcecode.swift; path = ESIMDetailView.swift; sourceTree = "<group>"; };
		D56DD0FE2C9ED2630092C7D8 /* ProfileView.swift */ = {isa = PBXFileReference; lastKnownFileType = sourcecode.swift; path = ProfileView.swift; sourceTree = "<group>"; };
		D56DD1012C9ED28F0092C7D8 /* PurchasedESIMsView.swift */ = {isa = PBXFileReference; lastKnownFileType = sourcecode.swift; path = PurchasedESIMsView.swift; sourceTree = "<group>"; };
		D56DD1032C9ED3FE0092C7D8 /* PurchasedViewModel.swift */ = {isa = PBXFileReference; lastKnownFileType = sourcecode.swift; path = PurchasedViewModel.swift; sourceTree = "<group>"; };
		D56DD1052C9F02E70092C7D8 /* countries.json */ = {isa = PBXFileReference; lastKnownFileType = text.json; path = countries.json; sourceTree = "<group>"; };
		D56DD1072C9F031B0092C7D8 /* Country.swift */ = {isa = PBXFileReference; lastKnownFileType = sourcecode.swift; path = Country.swift; sourceTree = "<group>"; };
		D5760D9A2CA1758F0027675D /* FontExtension.swift */ = {isa = PBXFileReference; lastKnownFileType = sourcecode.swift; path = FontExtension.swift; sourceTree = "<group>"; };
/* End PBXFileReference section */

/* Begin PBXFrameworksBuildPhase section */
		D56DD0CA2C9EC44D0092C7D8 /* Frameworks */ = {
			isa = PBXFrameworksBuildPhase;
			buildActionMask = 2147483647;
			files = (
			);
			runOnlyForDeploymentPostprocessing = 0;
		};
/* End PBXFrameworksBuildPhase section */

/* Begin PBXGroup section */
		D56DD0C42C9EC44D0092C7D8 = {
			isa = PBXGroup;
			children = (
				D56DD0CF2C9EC44D0092C7D8 /* aerolink */,
				D56DD0CE2C9EC44D0092C7D8 /* Products */,
			);
			sourceTree = "<group>";
		};
		D56DD0CE2C9EC44D0092C7D8 /* Products */ = {
			isa = PBXGroup;
			children = (
				D56DD0CD2C9EC44D0092C7D8 /* aerolink.app */,
			);
			name = Products;
			sourceTree = "<group>";
		};
		D56DD0CF2C9EC44D0092C7D8 /* aerolink */ = {
			isa = PBXGroup;
			children = (
				D5760D992CA175010027675D /* Extensions */,
				D56DD0E62C9ECF360092C7D8 /* App */,
				D56DD0E72C9ECF440092C7D8 /* Models */,
				D56DD0DC2C9EC44F0092C7D8 /* Preview Content */,
				D56DD0F52C9ED04B0092C7D8 /* Resources */,
				D56DD0EC2C9ECFCB0092C7D8 /* Services */,
				D56DD0F82C9ED0900092C7D8 /* SupportingFiles */,
				D56DD0F22C9ED0070092C7D8 /* Utilities */,
				D56DD0E92C9ECF920092C7D8 /* ViewModels */,
				D56DD0E82C9ECF520092C7D8 /* Views */,
			);
			path = aerolink;
			sourceTree = "<group>";
		};
		D56DD0DC2C9EC44F0092C7D8 /* Preview Content */ = {
			isa = PBXGroup;
			children = (
				D56DD0DD2C9EC44F0092C7D8 /* Preview Assets.xcassets */,
			);
			path = "Preview Content";
			sourceTree = "<group>";
		};
		D56DD0E62C9ECF360092C7D8 /* App */ = {
			isa = PBXGroup;
			children = (
				D56DD0D02C9EC44D0092C7D8 /* aerolinkApp.swift */,
			);
			name = App;
			sourceTree = "<group>";
		};
		D56DD0E72C9ECF440092C7D8 /* Models */ = {
			isa = PBXGroup;
			children = (
				D56DD0E42C9ECD5A0092C7D8 /* ESIMItem.swift */,
				D56DD1072C9F031B0092C7D8 /* Country.swift */,
			);
			name = Models;
			sourceTree = "<group>";
		};
		D56DD0E82C9ECF520092C7D8 /* Views */ = {
			isa = PBXGroup;
			children = (
				D56DD0D72C9EC44D0092C7D8 /* ContentView.swift */,
				D56DD0F92C9ED1D80092C7D8 /* StoreView.swift */,
				D56DD0FB2C9ED20C0092C7D8 /* ESIMDetailView.swift */,
				D56DD0FE2C9ED2630092C7D8 /* ProfileView.swift */,
				D56DD1012C9ED28F0092C7D8 /* PurchasedESIMsView.swift */,
			);
			path = Views;
			sourceTree = "<group>";
		};
		D56DD0E92C9ECF920092C7D8 /* ViewModels */ = {
			isa = PBXGroup;
			children = (
				D56DD0EA2C9ECFBE0092C7D8 /* ESIMViewModel.swift */,
				D56DD1032C9ED3FE0092C7D8 /* PurchasedViewModel.swift */,
			);
			name = ViewModels;
			sourceTree = "<group>";
		};
		D56DD0EC2C9ECFCB0092C7D8 /* Services */ = {
			isa = PBXGroup;
			children = (
				D56DD0ED2C9ECFE50092C7D8 /* NetworkService.swift */,
				D56DD0F02C9ED0010092C7D8 /* PurchaseService.swift */,
			);
			name = Services;
			sourceTree = "<group>";
		};
		D56DD0F22C9ED0070092C7D8 /* Utilities */ = {
			isa = PBXGroup;
			children = (
				D56DD0F32C9ED01C0092C7D8 /* Constants.swift */,
			);
			name = Utilities;
			sourceTree = "<group>";
		};
		D56DD0F52C9ED04B0092C7D8 /* Resources */ = {
			isa = PBXGroup;
			children = (
				D56DD0D92C9EC44F0092C7D8 /* Assets.xcassets */,
				D56DD0F62C9ED06E0092C7D8 /* Colors.swift */,
				D56DD1052C9F02E70092C7D8 /* countries.json */,
			);
			name = Resources;
			sourceTree = "<group>";
		};
		D56DD0F82C9ED0900092C7D8 /* SupportingFiles */ = {
			isa = PBXGroup;
			children = (
				D56DD0DB2C9EC44F0092C7D8 /* aerolink.entitlements */,
			);
			name = SupportingFiles;
			sourceTree = "<group>";
		};
		D5760D992CA175010027675D /* Extensions */ = {
			isa = PBXGroup;
			children = (
				D5760D9A2CA1758F0027675D /* FontExtension.swift */,
			);
			name = Extensions;
			sourceTree = "<group>";
		};
/* End PBXGroup section */

/* Begin PBXNativeTarget section */
		D56DD0CC2C9EC44D0092C7D8 /* aerolink */ = {
			isa = PBXNativeTarget;
			buildConfigurationList = D56DD0E12C9EC44F0092C7D8 /* Build configuration list for PBXNativeTarget "aerolink" */;
			buildPhases = (
				D56DD0C92C9EC44D0092C7D8 /* Sources */,
				D56DD0CA2C9EC44D0092C7D8 /* Frameworks */,
				D56DD0CB2C9EC44D0092C7D8 /* Resources */,
			);
			buildRules = (
			);
			dependencies = (
			);
			name = aerolink;
			productName = aerolink;
			productReference = D56DD0CD2C9EC44D0092C7D8 /* aerolink.app */;
			productType = "com.apple.product-type.application";
		};
/* End PBXNativeTarget section */

/* Begin PBXProject section */
		D56DD0C52C9EC44D0092C7D8 /* Project object */ = {
			isa = PBXProject;
			attributes = {
				BuildIndependentTargetsInParallel = 1;
				LastSwiftUpdateCheck = 1540;
				LastUpgradeCheck = 1540;
				TargetAttributes = {
					D56DD0CC2C9EC44D0092C7D8 = {
						CreatedOnToolsVersion = 15.4;
					};
				};
			};
			buildConfigurationList = D56DD0C82C9EC44D0092C7D8 /* Build configuration list for PBXProject "aerolink" */;
			compatibilityVersion = "Xcode 14.0";
			developmentRegion = en;
			hasScannedForEncodings = 0;
			knownRegions = (
				en,
				Base,
			);
			mainGroup = D56DD0C42C9EC44D0092C7D8;
			productRefGroup = D56DD0CE2C9EC44D0092C7D8 /* Products */;
			projectDirPath = "";
			projectRoot = "";
			targets = (
				D56DD0CC2C9EC44D0092C7D8 /* aerolink */,
			);
		};
/* End PBXProject section */

/* Begin PBXResourcesBuildPhase section */
		D56DD0CB2C9EC44D0092C7D8 /* Resources */ = {
			isa = PBXResourcesBuildPhase;
			buildActionMask = 2147483647;
			files = (
				D56DD1062C9F02E70092C7D8 /* countries.json in Resources */,
				D56DD0DE2C9EC44F0092C7D8 /* Preview Assets.xcassets in Resources */,
				D56DD0DA2C9EC44F0092C7D8 /* Assets.xcassets in Resources */,
			);
			runOnlyForDeploymentPostprocessing = 0;
		};
/* End PBXResourcesBuildPhase section */

/* Begin PBXSourcesBuildPhase section */
		D56DD0C92C9EC44D0092C7D8 /* Sources */ = {
			isa = PBXSourcesBuildPhase;
			buildActionMask = 2147483647;
			files = (
				D5760D9B2CA1758F0027675D /* FontExtension.swift in Sources */,
				D56DD1082C9F031B0092C7D8 /* Country.swift in Sources */,
				D56DD0FA2C9ED1D80092C7D8 /* StoreView.swift in Sources */,
				D56DD0EB2C9ECFBE0092C7D8 /* ESIMViewModel.swift in Sources */,
				D56DD0F72C9ED06E0092C7D8 /* Colors.swift in Sources */,
				D56DD0E52C9ECD5A0092C7D8 /* ESIMItem.swift in Sources */,
				D56DD0D12C9EC44D0092C7D8 /* aerolinkApp.swift in Sources */,
				D56DD0FC2C9ED20C0092C7D8 /* ESIMDetailView.swift in Sources */,
				D56DD1022C9ED28F0092C7D8 /* PurchasedESIMsView.swift in Sources */,
				D56DD0F12C9ED0010092C7D8 /* PurchaseService.swift in Sources */,
				D56DD0D82C9EC44D0092C7D8 /* ContentView.swift in Sources */,
				D56DD1042C9ED3FE0092C7D8 /* PurchasedViewModel.swift in Sources */,
				D56DD0EE2C9ECFE50092C7D8 /* NetworkService.swift in Sources */,
				D56DD0FF2C9ED2630092C7D8 /* ProfileView.swift in Sources */,
				D56DD0F42C9ED01C0092C7D8 /* Constants.swift in Sources */,
			);
			runOnlyForDeploymentPostprocessing = 0;
		};
/* End PBXSourcesBuildPhase section */

/* Begin XCBuildConfiguration section */
		D56DD0DF2C9EC44F0092C7D8 /* Debug */ = {
			isa = XCBuildConfiguration;
			buildSettings = {
				ALWAYS_SEARCH_USER_PATHS = NO;
				ASSETCATALOG_COMPILER_GENERATE_SWIFT_ASSET_SYMBOL_EXTENSIONS = YES;
				CLANG_ANALYZER_NONNULL = YES;
				CLANG_ANALYZER_NUMBER_OBJECT_CONVERSION = YES_AGGRESSIVE;
				CLANG_CXX_LANGUAGE_STANDARD = "gnu++20";
				CLANG_ENABLE_MODULES = YES;
				CLANG_ENABLE_OBJC_ARC = YES;
				CLANG_ENABLE_OBJC_WEAK = YES;
				CLANG_WARN_BLOCK_CAPTURE_AUTORELEASING = YES;
				CLANG_WARN_BOOL_CONVERSION = YES;
				CLANG_WARN_COMMA = YES;
				CLANG_WARN_CONSTANT_CONVERSION = YES;
				CLANG_WARN_DEPRECATED_OBJC_IMPLEMENTATIONS = YES;
				CLANG_WARN_DIRECT_OBJC_ISA_USAGE = YES_ERROR;
				CLANG_WARN_DOCUMENTATION_COMMENTS = YES;
				CLANG_WARN_EMPTY_BODY = YES;
				CLANG_WARN_ENUM_CONVERSION = YES;
				CLANG_WARN_INFINITE_RECURSION = YES;
				CLANG_WARN_INT_CONVERSION = YES;
				CLANG_WARN_NON_LITERAL_NULL_CONVERSION = YES;
				CLANG_WARN_OBJC_IMPLICIT_RETAIN_SELF = YES;
				CLANG_WARN_OBJC_LITERAL_CONVERSION = YES;
				CLANG_WARN_OBJC_ROOT_CLASS = YES_ERROR;
				CLANG_WARN_QUOTED_INCLUDE_IN_FRAMEWORK_HEADER = YES;
				CLANG_WARN_RANGE_LOOP_ANALYSIS = YES;
				CLANG_WARN_STRICT_PROTOTYPES = YES;
				CLANG_WARN_SUSPICIOUS_MOVE = YES;
				CLANG_WARN_UNGUARDED_AVAILABILITY = YES_AGGRESSIVE;
				CLANG_WARN_UNREACHABLE_CODE = YES;
				CLANG_WARN__DUPLICATE_METHOD_MATCH = YES;
				COPY_PHASE_STRIP = NO;
				DEBUG_INFORMATION_FORMAT = dwarf;
				ENABLE_STRICT_OBJC_MSGSEND = YES;
				ENABLE_TESTABILITY = YES;
				ENABLE_USER_SCRIPT_SANDBOXING = YES;
				GCC_C_LANGUAGE_STANDARD = gnu17;
				GCC_DYNAMIC_NO_PIC = NO;
				GCC_NO_COMMON_BLOCKS = YES;
				GCC_OPTIMIZATION_LEVEL = 0;
				GCC_PREPROCESSOR_DEFINITIONS = (
					"DEBUG=1",
					"$(inherited)",
				);
				GCC_WARN_64_TO_32_BIT_CONVERSION = YES;
				GCC_WARN_ABOUT_RETURN_TYPE = YES_ERROR;
				GCC_WARN_UNDECLARED_SELECTOR = YES;
				GCC_WARN_UNINITIALIZED_AUTOS = YES_AGGRESSIVE;
				GCC_WARN_UNUSED_FUNCTION = YES;
				GCC_WARN_UNUSED_VARIABLE = YES;
				LOCALIZATION_PREFERS_STRING_CATALOGS = YES;
				MTL_ENABLE_DEBUG_INFO = INCLUDE_SOURCE;
				MTL_FAST_MATH = YES;
				ONLY_ACTIVE_ARCH = YES;
				SWIFT_ACTIVE_COMPILATION_CONDITIONS = "DEBUG $(inherited)";
				SWIFT_OPTIMIZATION_LEVEL = "-Onone";
			};
			name = Debug;
		};
		D56DD0E02C9EC44F0092C7D8 /* Release */ = {
			isa = XCBuildConfiguration;
			buildSettings = {
				ALWAYS_SEARCH_USER_PATHS = NO;
				ASSETCATALOG_COMPILER_GENERATE_SWIFT_ASSET_SYMBOL_EXTENSIONS = YES;
				CLANG_ANALYZER_NONNULL = YES;
				CLANG_ANALYZER_NUMBER_OBJECT_CONVERSION = YES_AGGRESSIVE;
				CLANG_CXX_LANGUAGE_STANDARD = "gnu++20";
				CLANG_ENABLE_MODULES = YES;
				CLANG_ENABLE_OBJC_ARC = YES;
				CLANG_ENABLE_OBJC_WEAK = YES;
				CLANG_WARN_BLOCK_CAPTURE_AUTORELEASING = YES;
				CLANG_WARN_BOOL_CONVERSION = YES;
				CLANG_WARN_COMMA = YES;
				CLANG_WARN_CONSTANT_CONVERSION = YES;
				CLANG_WARN_DEPRECATED_OBJC_IMPLEMENTATIONS = YES;
				CLANG_WARN_DIRECT_OBJC_ISA_USAGE = YES_ERROR;
				CLANG_WARN_DOCUMENTATION_COMMENTS = YES;
				CLANG_WARN_EMPTY_BODY = YES;
				CLANG_WARN_ENUM_CONVERSION = YES;
				CLANG_WARN_INFINITE_RECURSION = YES;
				CLANG_WARN_INT_CONVERSION = YES;
				CLANG_WARN_NON_LITERAL_NULL_CONVERSION = YES;
				CLANG_WARN_OBJC_IMPLICIT_RETAIN_SELF = YES;
				CLANG_WARN_OBJC_LITERAL_CONVERSION = YES;
				CLANG_WARN_OBJC_ROOT_CLASS = YES_ERROR;
				CLANG_WARN_QUOTED_INCLUDE_IN_FRAMEWORK_HEADER = YES;
				CLANG_WARN_RANGE_LOOP_ANALYSIS = YES;
				CLANG_WARN_STRICT_PROTOTYPES = YES;
				CLANG_WARN_SUSPICIOUS_MOVE = YES;
				CLANG_WARN_UNGUARDED_AVAILABILITY = YES_AGGRESSIVE;
				CLANG_WARN_UNREACHABLE_CODE = YES;
				CLANG_WARN__DUPLICATE_METHOD_MATCH = YES;
				COPY_PHASE_STRIP = NO;
				DEBUG_INFORMATION_FORMAT = "dwarf-with-dsym";
				ENABLE_NS_ASSERTIONS = NO;
				ENABLE_STRICT_OBJC_MSGSEND = YES;
				ENABLE_USER_SCRIPT_SANDBOXING = YES;
				GCC_C_LANGUAGE_STANDARD = gnu17;
				GCC_NO_COMMON_BLOCKS = YES;
				GCC_WARN_64_TO_32_BIT_CONVERSION = YES;
				GCC_WARN_ABOUT_RETURN_TYPE = YES_ERROR;
				GCC_WARN_UNDECLARED_SELECTOR = YES;
				GCC_WARN_UNINITIALIZED_AUTOS = YES_AGGRESSIVE;
				GCC_WARN_UNUSED_FUNCTION = YES;
				GCC_WARN_UNUSED_VARIABLE = YES;
				LOCALIZATION_PREFERS_STRING_CATALOGS = YES;
				MTL_ENABLE_DEBUG_INFO = NO;
				MTL_FAST_MATH = YES;
				SWIFT_COMPILATION_MODE = wholemodule;
			};
			name = Release;
		};
		D56DD0E22C9EC44F0092C7D8 /* Debug */ = {
			isa = XCBuildConfiguration;
			buildSettings = {
				ASSETCATALOG_COMPILER_APPICON_NAME = AppIcon;
				ASSETCATALOG_COMPILER_GLOBAL_ACCENT_COLOR_NAME = AccentColor;
				CODE_SIGN_ENTITLEMENTS = aerolink/aerolink.entitlements;
				CODE_SIGN_STYLE = Automatic;
				CURRENT_PROJECT_VERSION = 1;
				DEVELOPMENT_ASSET_PATHS = "\"aerolink/Preview Content\"";
				DEVELOPMENT_TEAM = CN5AHWT4MG;
				ENABLE_HARDENED_RUNTIME = YES;
				ENABLE_PREVIEWS = YES;
				GENERATE_INFOPLIST_FILE = YES;
				"INFOPLIST_KEY_UIApplicationSceneManifest_Generation[sdk=iphoneos*]" = YES;
				"INFOPLIST_KEY_UIApplicationSceneManifest_Generation[sdk=iphonesimulator*]" = YES;
				"INFOPLIST_KEY_UIApplicationSupportsIndirectInputEvents[sdk=iphoneos*]" = YES;
				"INFOPLIST_KEY_UIApplicationSupportsIndirectInputEvents[sdk=iphonesimulator*]" = YES;
				"INFOPLIST_KEY_UILaunchScreen_Generation[sdk=iphoneos*]" = YES;
				"INFOPLIST_KEY_UILaunchScreen_Generation[sdk=iphonesimulator*]" = YES;
				"INFOPLIST_KEY_UIStatusBarStyle[sdk=iphoneos*]" = UIStatusBarStyleDefault;
				"INFOPLIST_KEY_UIStatusBarStyle[sdk=iphonesimulator*]" = UIStatusBarStyleDefault;
				INFOPLIST_KEY_UISupportedInterfaceOrientations_iPad = "UIInterfaceOrientationPortrait UIInterfaceOrientationPortraitUpsideDown UIInterfaceOrientationLandscapeLeft UIInterfaceOrientationLandscapeRight";
				INFOPLIST_KEY_UISupportedInterfaceOrientations_iPhone = "UIInterfaceOrientationPortrait UIInterfaceOrientationLandscapeLeft UIInterfaceOrientationLandscapeRight";
				IPHONEOS_DEPLOYMENT_TARGET = 17.5;
				LD_RUNPATH_SEARCH_PATHS = "@executable_path/Frameworks";
				"LD_RUNPATH_SEARCH_PATHS[sdk=macosx*]" = "@executable_path/../Frameworks";
				MACOSX_DEPLOYMENT_TARGET = 14.5;
				MARKETING_VERSION = 1.0;
				PRODUCT_BUNDLE_IDENTIFIER = com.app.aerolink;
				PRODUCT_NAME = "$(TARGET_NAME)";
				SDKROOT = auto;
				SUPPORTED_PLATFORMS = "iphoneos iphonesimulator macosx";
				SWIFT_EMIT_LOC_STRINGS = YES;
				SWIFT_VERSION = 5.0;
				TARGETED_DEVICE_FAMILY = "1,2";
			};
			name = Debug;
		};
		D56DD0E32C9EC44F0092C7D8 /* Release */ = {
			isa = XCBuildConfiguration;
			buildSettings = {
				ASSETCATALOG_COMPILER_APPICON_NAME = AppIcon;
				ASSETCATALOG_COMPILER_GLOBAL_ACCENT_COLOR_NAME = AccentColor;
				CODE_SIGN_ENTITLEMENTS = aerolink/aerolink.entitlements;
				CODE_SIGN_STYLE = Automatic;
				CURRENT_PROJECT_VERSION = 1;
				DEVELOPMENT_ASSET_PATHS = "\"aerolink/Preview Content\"";
				DEVELOPMENT_TEAM = CN5AHWT4MG;
				ENABLE_HARDENED_RUNTIME = YES;
				ENABLE_PREVIEWS = YES;
				GENERATE_INFOPLIST_FILE = YES;
				"INFOPLIST_KEY_UIApplicationSceneManifest_Generation[sdk=iphoneos*]" = YES;
				"INFOPLIST_KEY_UIApplicationSceneManifest_Generation[sdk=iphonesimulator*]" = YES;
				"INFOPLIST_KEY_UIApplicationSupportsIndirectInputEvents[sdk=iphoneos*]" = YES;
				"INFOPLIST_KEY_UIApplicationSupportsIndirectInputEvents[sdk=iphonesimulator*]" = YES;
				"INFOPLIST_KEY_UILaunchScreen_Generation[sdk=iphoneos*]" = YES;
				"INFOPLIST_KEY_UILaunchScreen_Generation[sdk=iphonesimulator*]" = YES;
				"INFOPLIST_KEY_UIStatusBarStyle[sdk=iphoneos*]" = UIStatusBarStyleDefault;
				"INFOPLIST_KEY_UIStatusBarStyle[sdk=iphonesimulator*]" = UIStatusBarStyleDefault;
				INFOPLIST_KEY_UISupportedInterfaceOrientations_iPad = "UIInterfaceOrientationPortrait UIInterfaceOrientationPortraitUpsideDown UIInterfaceOrientationLandscapeLeft UIInterfaceOrientationLandscapeRight";
				INFOPLIST_KEY_UISupportedInterfaceOrientations_iPhone = "UIInterfaceOrientationPortrait UIInterfaceOrientationLandscapeLeft UIInterfaceOrientationLandscapeRight";
				IPHONEOS_DEPLOYMENT_TARGET = 17.5;
				LD_RUNPATH_SEARCH_PATHS = "@executable_path/Frameworks";
				"LD_RUNPATH_SEARCH_PATHS[sdk=macosx*]" = "@executable_path/../Frameworks";
				MACOSX_DEPLOYMENT_TARGET = 14.5;
				MARKETING_VERSION = 1.0;
				PRODUCT_BUNDLE_IDENTIFIER = com.app.aerolink;
				PRODUCT_NAME = "$(TARGET_NAME)";
				SDKROOT = auto;
				SUPPORTED_PLATFORMS = "iphoneos iphonesimulator macosx";
				SWIFT_EMIT_LOC_STRINGS = YES;
				SWIFT_VERSION = 5.0;
				TARGETED_DEVICE_FAMILY = "1,2";
			};
			name = Release;
		};
/* End XCBuildConfiguration section */

/* Begin XCConfigurationList section */
		D56DD0C82C9EC44D0092C7D8 /* Build configuration list for PBXProject "aerolink" */ = {
			isa = XCConfigurationList;
			buildConfigurations = (
				D56DD0DF2C9EC44F0092C7D8 /* Debug */,
				D56DD0E02C9EC44F0092C7D8 /* Release */,
			);
			defaultConfigurationIsVisible = 0;
			defaultConfigurationName = Release;
		};
		D56DD0E12C9EC44F0092C7D8 /* Build configuration list for PBXNativeTarget "aerolink" */ = {
			isa = XCConfigurationList;
			buildConfigurations = (
				D56DD0E22C9EC44F0092C7D8 /* Debug */,
				D56DD0E32C9EC44F0092C7D8 /* Release */,
			);
			defaultConfigurationIsVisible = 0;
			defaultConfigurationName = Release;
		};
/* End XCConfigurationList section */
	};
	rootObject = D56DD0C52C9EC44D0092C7D8 /* Project object */;
}
